
Microsoft Visual Studio Solution File, Format Version 12.00
# Visual Studio Version 16
VisualStudioVersion = 16.0.30413.136
MinimumVisualStudioVersion = 10.0.40219.1
Project("{FAE04EC0-301F-11D3-BF4B-00C04F79EFBC}") = "Laboration 1 OOP", "Laboration 1 OOP\Laboration 1 OOP.csproj", "{8F6B8AB1-B18A-46BA-9E9B-199727C7D9E9}"
EndProject
Global
	GlobalSection(SolutionConfigurationPlatforms) = preSolution
		Debug|Any CPU = Debug|Any CPU
		Release|Any CPU = Release|Any CPU
	EndGlobalSection
	GlobalSection(ProjectConfigurationPlatforms) = postSolution
		{8F6B8AB1-B18A-46BA-9E9B-199727C7D9E9}.Debug|Any CPU.ActiveCfg = Debug|Any CPU
		{8F6B8AB1-B18A-46BA-9E9B-199727C7D9E9}.Debug|Any CPU.Build.0 = Debug|Any CPU
		{8F6B8AB1-B18A-46BA-9E9B-199727C7D9E9}.Release|Any CPU.ActiveCfg = Release|Any CPU
		{8F6B8AB1-B18A-46BA-9E9B-199727C7D9E9}.Release|Any CPU.Build.0 = Release|Any CPU
	EndGlobalSection
	GlobalSection(SolutionProperties) = preSolution
		HideSolutionNode = FALSE
	EndGlobalSection
	GlobalSection(ExtensibilityGlobals) = postSolution
		SolutionGuid = {3F5DDB03-E61A-41F9-9D46-E3E7A2F7AF2E}
	EndGlobalSection
EndGlobal
