
Microsoft Visual Studio Solution File, Format Version 12.00
# Visual Studio Version 16
VisualStudioVersion = 16.0.30523.141
MinimumVisualStudioVersion = 10.0.40219.1
Project("{FAE04EC0-301F-11D3-BF4B-00C04F79EFBC}") = "Laboration 2 Abstraktion", "Laboration 2 Abstraktion\Laboration 2 Abstraktion.csproj", "{623177F2-2E33-48D4-94C8-F8D2C7EB77DF}"
EndProject
Global
	GlobalSection(SolutionConfigurationPlatforms) = preSolution
		Debug|Any CPU = Debug|Any CPU
		Release|Any CPU = Release|Any CPU
	EndGlobalSection
	GlobalSection(ProjectConfigurationPlatforms) = postSolution
		{623177F2-2E33-48D4-94C8-F8D2C7EB77DF}.Debug|Any CPU.ActiveCfg = Debug|Any CPU
		{623177F2-2E33-48D4-94C8-F8D2C7EB77DF}.Debug|Any CPU.Build.0 = Debug|Any CPU
		{623177F2-2E33-48D4-94C8-F8D2C7EB77DF}.Release|Any CPU.ActiveCfg = Release|Any CPU
		{623177F2-2E33-48D4-94C8-F8D2C7EB77DF}.Release|Any CPU.Build.0 = Release|Any CPU
	EndGlobalSection
	GlobalSection(SolutionProperties) = preSolution
		HideSolutionNode = FALSE
	EndGlobalSection
	GlobalSection(ExtensibilityGlobals) = postSolution
		SolutionGuid = {53EE8B15-CAE7-42DF-935E-98ECE9559253}
	EndGlobalSection
EndGlobal
