
Microsoft Visual Studio Solution File, Format Version 12.00
# Visual Studio Version 16
VisualStudioVersion = 16.0.30523.141
MinimumVisualStudioVersion = 10.0.40219.1
Project("{FAE04EC0-301F-11D3-BF4B-00C04F79EFBC}") = "Calculator", "Calculator\Calculator.csproj", "{3BAF6AD8-7D07-473F-A1C4-1AC5360E69D6}"
EndProject
Global
	GlobalSection(SolutionConfigurationPlatforms) = preSolution
		Debug|Any CPU = Debug|Any CPU
		Release|Any CPU = Release|Any CPU
	EndGlobalSection
	GlobalSection(ProjectConfigurationPlatforms) = postSolution
		{3BAF6AD8-7D07-473F-A1C4-1AC5360E69D6}.Debug|Any CPU.ActiveCfg = Debug|Any CPU
		{3BAF6AD8-7D07-473F-A1C4-1AC5360E69D6}.Debug|Any CPU.Build.0 = Debug|Any CPU
		{3BAF6AD8-7D07-473F-A1C4-1AC5360E69D6}.Release|Any CPU.ActiveCfg = Release|Any CPU
		{3BAF6AD8-7D07-473F-A1C4-1AC5360E69D6}.Release|Any CPU.Build.0 = Release|Any CPU
	EndGlobalSection
	GlobalSection(SolutionProperties) = preSolution
		HideSolutionNode = FALSE
	EndGlobalSection
	GlobalSection(ExtensibilityGlobals) = postSolution
		SolutionGuid = {40BE1E47-3CB6-4865-A2CC-E29F794FB5DE}
	EndGlobalSection
EndGlobal
